
Microsoft Visual Studio Solution File, Format Version 12.00
# Visual Studio Version 17
VisualStudioVersion = 17.10.34928.147
MinimumVisualStudioVersion = 10.0.40219.1
Project("{9A19103F-16F7-4668-BE54-9A1E7A4F7556}") = "Algorithms", "Algorithms\Algorithms.csproj", "{6F5B241B-9310-463E-983E-28ECDDD8D3F0}"
EndProject
Project("{9A19103F-16F7-4668-BE54-9A1E7A4F7556}") = "AlgorithmsTests", "AlgorithmsTests\AlgorithmsTests.csproj", "{3E68B80C-DC4B-4C69-807B-CEA0D2E0A40A}"
EndProject
Project("{9A19103F-16F7-4668-BE54-9A1E7A4F7556}") = "AlgorithmsGUI", "AlgorithmsGUI\AlgorithmsGUI.csproj", "{958938C3-5AD7-40B0-AF27-ED3F53BCC60B}"
EndProject
Global
	GlobalSection(SolutionConfigurationPlatforms) = preSolution
		Debug|Any CPU = Debug|Any CPU
		Release|Any CPU = Release|Any CPU
	EndGlobalSection
	GlobalSection(ProjectConfigurationPlatforms) = postSolution
		{6F5B241B-9310-463E-983E-28ECDDD8D3F0}.Debug|Any CPU.ActiveCfg = Debug|Any CPU
		{6F5B241B-9310-463E-983E-28ECDDD8D3F0}.Debug|Any CPU.Build.0 = Debug|Any CPU
		{6F5B241B-9310-463E-983E-28ECDDD8D3F0}.Release|Any CPU.ActiveCfg = Release|Any CPU
		{6F5B241B-9310-463E-983E-28ECDDD8D3F0}.Release|Any CPU.Build.0 = Release|Any CPU
		{3E68B80C-DC4B-4C69-807B-CEA0D2E0A40A}.Debug|Any CPU.ActiveCfg = Debug|Any CPU
		{3E68B80C-DC4B-4C69-807B-CEA0D2E0A40A}.Debug|Any CPU.Build.0 = Debug|Any CPU
		{3E68B80C-DC4B-4C69-807B-CEA0D2E0A40A}.Release|Any CPU.ActiveCfg = Release|Any CPU
		{3E68B80C-DC4B-4C69-807B-CEA0D2E0A40A}.Release|Any CPU.Build.0 = Release|Any CPU
		{958938C3-5AD7-40B0-AF27-ED3F53BCC60B}.Debug|Any CPU.ActiveCfg = Debug|Any CPU
		{958938C3-5AD7-40B0-AF27-ED3F53BCC60B}.Debug|Any CPU.Build.0 = Debug|Any CPU
		{958938C3-5AD7-40B0-AF27-ED3F53BCC60B}.Release|Any CPU.ActiveCfg = Release|Any CPU
		{958938C3-5AD7-40B0-AF27-ED3F53BCC60B}.Release|Any CPU.Build.0 = Release|Any CPU
	EndGlobalSection
	GlobalSection(SolutionProperties) = preSolution
		HideSolutionNode = FALSE
	EndGlobalSection
	GlobalSection(ExtensibilityGlobals) = postSolution
		SolutionGuid = {37CF298F-A2D7-449B-9C6B-AC69072719EF}
	EndGlobalSection
EndGlobal
